// !$*UTF8*$!
{
	archiveVersion = 1;
	classes = {
	};
	objectVersion = 50;
	objects = {

/* Begin PBXBuildFile section */
		22429ACD2714FAEC002DA7CF /* SwiftUI_IntroApp.swift in Sources */ = {isa = PBXBuildFile; fileRef = 22429ACC2714FAEC002DA7CF /* SwiftUI_IntroApp.swift */; };
		22429ACF2714FAEC002DA7CF /* ContentView.swift in Sources */ = {isa = PBXBuildFile; fileRef = 22429ACE2714FAEC002DA7CF /* ContentView.swift */; };
		22429AD12714FAEE002DA7CF /* Assets.xcassets in Resources */ = {isa = PBXBuildFile; fileRef = 22429AD02714FAEE002DA7CF /* Assets.xcassets */; };
		22429AD42714FAEE002DA7CF /* Preview Assets.xcassets in Resources */ = {isa = PBXBuildFile; fileRef = 22429AD32714FAEE002DA7CF /* Preview Assets.xcassets */; };
		22429AD62714FAEE002DA7CF /* Persistence.swift in Sources */ = {isa = PBXBuildFile; fileRef = 22429AD52714FAEE002DA7CF /* Persistence.swift */; };
		22429AD92714FAEE002DA7CF /* SwiftUI_Intro.xcdatamodeld in Sources */ = {isa = PBXBuildFile; fileRef = 22429AD72714FAEE002DA7CF /* SwiftUI_Intro.xcdatamodeld */; };
		22429AE12714FC65002DA7CF /* Constants.swift in Sources */ = {isa = PBXBuildFile; fileRef = 22429AE02714FC65002DA7CF /* Constants.swift */; };
		22429AE52714FE05002DA7CF /* APIs.swift in Sources */ = {isa = PBXBuildFile; fileRef = 22429AE42714FE05002DA7CF /* APIs.swift */; };
		22429AE727150788002DA7CF /* URL Protocols.swift in Sources */ = {isa = PBXBuildFile; fileRef = 22429AE627150788002DA7CF /* URL Protocols.swift */; };
		22429AE9271507BA002DA7CF /* Staging.Account.swift in Sources */ = {isa = PBXBuildFile; fileRef = 22429AE8271507BA002DA7CF /* Staging.Account.swift */; };
		22429AF1271522EA002DA7CF /* HttpClient.swift in Sources */ = {isa = PBXBuildFile; fileRef = 22429AF0271522EA002DA7CF /* HttpClient.swift */; };
		22429AF3271523E1002DA7CF /* HttpMethod.swift in Sources */ = {isa = PBXBuildFile; fileRef = 22429AF2271523E0002DA7CF /* HttpMethod.swift */; };
		22429AF527152A3D002DA7CF /* ABodyDataProvider.swift in Sources */ = {isa = PBXBuildFile; fileRef = 22429AF427152A3D002DA7CF /* ABodyDataProvider.swift */; };
		22429AF827152BFC002DA7CF /* Encodable+.swift in Sources */ = {isa = PBXBuildFile; fileRef = 22429AF727152BFC002DA7CF /* Encodable+.swift */; };
		225E4BE1271B36C300BD991E /* AQueryItemsProvider.swift in Sources */ = {isa = PBXBuildFile; fileRef = 225E4BE0271B36C300BD991E /* AQueryItemsProvider.swift */; };
		225E4BE6271B3A5500BD991E /* Places.SearchQuery.swift in Sources */ = {isa = PBXBuildFile; fileRef = 225E4BE5271B3A5500BD991E /* Places.SearchQuery.swift */; };
		225E4BE8271B3DEC00BD991E /* URL+QueryItem.swift in Sources */ = {isa = PBXBuildFile; fileRef = 225E4BE7271B3DEC00BD991E /* URL+QueryItem.swift */; };
/* End PBXBuildFile section */

/* Begin PBXFileReference section */
		22429AC92714FAEC002DA7CF /* SwiftUI Intro.app */ = {isa = PBXFileReference; explicitFileType = wrapper.application; includeInIndex = 0; path = "SwiftUI Intro.app"; sourceTree = BUILT_PRODUCTS_DIR; };
		22429ACC2714FAEC002DA7CF /* SwiftUI_IntroApp.swift */ = {isa = PBXFileReference; lastKnownFileType = sourcecode.swift; path = SwiftUI_IntroApp.swift; sourceTree = "<group>"; };
		22429ACE2714FAEC002DA7CF /* ContentView.swift */ = {isa = PBXFileReference; lastKnownFileType = sourcecode.swift; path = ContentView.swift; sourceTree = "<group>"; };
		22429AD02714FAEE002DA7CF /* Assets.xcassets */ = {isa = PBXFileReference; lastKnownFileType = folder.assetcatalog; path = Assets.xcassets; sourceTree = "<group>"; };
		22429AD32714FAEE002DA7CF /* Preview Assets.xcassets */ = {isa = PBXFileReference; lastKnownFileType = folder.assetcatalog; path = "Preview Assets.xcassets"; sourceTree = "<group>"; };
		22429AD52714FAEE002DA7CF /* Persistence.swift */ = {isa = PBXFileReference; lastKnownFileType = sourcecode.swift; path = Persistence.swift; sourceTree = "<group>"; };
		22429AD82714FAEE002DA7CF /* SwiftUI_Intro.xcdatamodel */ = {isa = PBXFileReference; lastKnownFileType = wrapper.xcdatamodel; path = SwiftUI_Intro.xcdatamodel; sourceTree = "<group>"; };
		22429ADA2714FAEE002DA7CF /* Info.plist */ = {isa = PBXFileReference; lastKnownFileType = text.plist.xml; path = Info.plist; sourceTree = "<group>"; };
		22429AE02714FC65002DA7CF /* Constants.swift */ = {isa = PBXFileReference; lastKnownFileType = sourcecode.swift; path = Constants.swift; sourceTree = "<group>"; };
		22429AE42714FE05002DA7CF /* APIs.swift */ = {isa = PBXFileReference; lastKnownFileType = sourcecode.swift; path = APIs.swift; sourceTree = "<group>"; };
		22429AE627150788002DA7CF /* URL Protocols.swift */ = {isa = PBXFileReference; lastKnownFileType = sourcecode.swift; path = "URL Protocols.swift"; sourceTree = "<group>"; };
		22429AE8271507BA002DA7CF /* Staging.Account.swift */ = {isa = PBXFileReference; lastKnownFileType = sourcecode.swift; path = Staging.Account.swift; sourceTree = "<group>"; };
		22429AF0271522EA002DA7CF /* HttpClient.swift */ = {isa = PBXFileReference; lastKnownFileType = sourcecode.swift; path = HttpClient.swift; sourceTree = "<group>"; };
		22429AF2271523E0002DA7CF /* HttpMethod.swift */ = {isa = PBXFileReference; lastKnownFileType = sourcecode.swift; path = HttpMethod.swift; sourceTree = "<group>"; };
		22429AF427152A3D002DA7CF /* ABodyDataProvider.swift */ = {isa = PBXFileReference; lastKnownFileType = sourcecode.swift; path = ABodyDataProvider.swift; sourceTree = "<group>"; };
		22429AF727152BFC002DA7CF /* Encodable+.swift */ = {isa = PBXFileReference; lastKnownFileType = sourcecode.swift; path = "Encodable+.swift"; sourceTree = "<group>"; };
		225E4BE0271B36C300BD991E /* AQueryItemsProvider.swift */ = {isa = PBXFileReference; lastKnownFileType = sourcecode.swift; path = AQueryItemsProvider.swift; sourceTree = "<group>"; };
		225E4BE5271B3A5500BD991E /* Places.SearchQuery.swift */ = {isa = PBXFileReference; lastKnownFileType = sourcecode.swift; path = Places.SearchQuery.swift; sourceTree = "<group>"; };
		225E4BE7271B3DEC00BD991E /* URL+QueryItem.swift */ = {isa = PBXFileReference; lastKnownFileType = sourcecode.swift; path = "URL+QueryItem.swift"; sourceTree = "<group>"; };
/* End PBXFileReference section */

/* Begin PBXFrameworksBuildPhase section */
		22429AC62714FAEC002DA7CF /* Frameworks */ = {
			isa = PBXFrameworksBuildPhase;
			buildActionMask = 2147483647;
			files = (
			);
			runOnlyForDeploymentPostprocessing = 0;
		};
/* End PBXFrameworksBuildPhase section */

/* Begin PBXGroup section */
		22429AC02714FAEC002DA7CF = {
			isa = PBXGroup;
			children = (
				22429ACB2714FAEC002DA7CF /* SwiftUI Intro */,
				22429ACA2714FAEC002DA7CF /* Products */,
			);
			sourceTree = "<group>";
		};
		22429ACA2714FAEC002DA7CF /* Products */ = {
			isa = PBXGroup;
			children = (
				22429AC92714FAEC002DA7CF /* SwiftUI Intro.app */,
			);
			name = Products;
			sourceTree = "<group>";
		};
		22429ACB2714FAEC002DA7CF /* SwiftUI Intro */ = {
			isa = PBXGroup;
			children = (
				22429ACC2714FAEC002DA7CF /* SwiftUI_IntroApp.swift */,
				22429ACE2714FAEC002DA7CF /* ContentView.swift */,
				22429AE02714FC65002DA7CF /* Constants.swift */,
				225E4BE2271B3A3500BD991E /* Domain */,
				22429AE22714FDBD002DA7CF /* Data */,
				22429AD02714FAEE002DA7CF /* Assets.xcassets */,
				22429AD52714FAEE002DA7CF /* Persistence.swift */,
				22429ADA2714FAEE002DA7CF /* Info.plist */,
				22429AD72714FAEE002DA7CF /* SwiftUI_Intro.xcdatamodeld */,
				22429AD22714FAEE002DA7CF /* Preview Content */,
			);
			path = "SwiftUI Intro";
			sourceTree = "<group>";
		};
		22429AD22714FAEE002DA7CF /* Preview Content */ = {
			isa = PBXGroup;
			children = (
				22429AD32714FAEE002DA7CF /* Preview Assets.xcassets */,
			);
			path = "Preview Content";
			sourceTree = "<group>";
		};
		22429AE22714FDBD002DA7CF /* Data */ = {
			isa = PBXGroup;
			children = (
				22429AE32714FDE8002DA7CF /* Network */,
			);
			path = Data;
			sourceTree = "<group>";
		};
		22429AE32714FDE8002DA7CF /* Network */ = {
			isa = PBXGroup;
			children = (
				225E4BE9271B3EE500BD991E /* Protocols */,
				22429AF2271523E0002DA7CF /* HttpMethod.swift */,
				22429AF0271522EA002DA7CF /* HttpClient.swift */,
				22429AF627152BED002DA7CF /* Ext */,
				22429AEF271522BC002DA7CF /* Endpoints */,
			);
			path = Network;
			sourceTree = "<group>";
		};
		22429AEF271522BC002DA7CF /* Endpoints */ = {
			isa = PBXGroup;
			children = (
				22429AE42714FE05002DA7CF /* APIs.swift */,
				22429AE8271507BA002DA7CF /* Staging.Account.swift */,
			);
			path = Endpoints;
			sourceTree = "<group>";
		};
		22429AF627152BED002DA7CF /* Ext */ = {
			isa = PBXGroup;
			children = (
				22429AF727152BFC002DA7CF /* Encodable+.swift */,
				225E4BE7271B3DEC00BD991E /* URL+QueryItem.swift */,
			);
			path = Ext;
			sourceTree = "<group>";
		};
		225E4BE2271B3A3500BD991E /* Domain */ = {
			isa = PBXGroup;
			children = (
				225E4BE3271B3A3B00BD991E /* Models */,
			);
			path = Domain;
			sourceTree = "<group>";
		};
		225E4BE3271B3A3B00BD991E /* Models */ = {
			isa = PBXGroup;
			children = (
				225E4BE4271B3A4100BD991E /* Query */,
			);
			path = Models;
			sourceTree = "<group>";
		};
		225E4BE4271B3A4100BD991E /* Query */ = {
			isa = PBXGroup;
			children = (
				225E4BE5271B3A5500BD991E /* Places.SearchQuery.swift */,
			);
			path = Query;
			sourceTree = "<group>";
		};
		225E4BE9271B3EE500BD991E /* Protocols */ = {
			isa = PBXGroup;
			children = (
				22429AE627150788002DA7CF /* URL Protocols.swift */,
				225E4BE0271B36C300BD991E /* AQueryItemsProvider.swift */,
				22429AF427152A3D002DA7CF /* ABodyDataProvider.swift */,
			);
			path = Protocols;
			sourceTree = "<group>";
		};
/* End PBXGroup section */

/* Begin PBXNativeTarget section */
		22429AC82714FAEC002DA7CF /* SwiftUI Intro */ = {
			isa = PBXNativeTarget;
			buildConfigurationList = 22429ADD2714FAEE002DA7CF /* Build configuration list for PBXNativeTarget "SwiftUI Intro" */;
			buildPhases = (
				22429AC52714FAEC002DA7CF /* Sources */,
				22429AC62714FAEC002DA7CF /* Frameworks */,
				22429AC72714FAEC002DA7CF /* Resources */,
			);
			buildRules = (
			);
			dependencies = (
			);
			name = "SwiftUI Intro";
			productName = "SwiftUI Intro";
			productReference = 22429AC92714FAEC002DA7CF /* SwiftUI Intro.app */;
			productType = "com.apple.product-type.application";
		};
/* End PBXNativeTarget section */

/* Begin PBXProject section */
		22429AC12714FAEC002DA7CF /* Project object */ = {
			isa = PBXProject;
			attributes = {
				LastSwiftUpdateCheck = 1250;
				LastUpgradeCheck = 1250;
				TargetAttributes = {
					22429AC82714FAEC002DA7CF = {
						CreatedOnToolsVersion = 12.5.1;
					};
				};
			};
			buildConfigurationList = 22429AC42714FAEC002DA7CF /* Build configuration list for PBXProject "SwiftUI Intro" */;
			compatibilityVersion = "Xcode 9.3";
			developmentRegion = en;
			hasScannedForEncodings = 0;
			knownRegions = (
				en,
				Base,
			);
			mainGroup = 22429AC02714FAEC002DA7CF;
			productRefGroup = 22429ACA2714FAEC002DA7CF /* Products */;
			projectDirPath = "";
			projectRoot = "";
			targets = (
				22429AC82714FAEC002DA7CF /* SwiftUI Intro */,
			);
		};
/* End PBXProject section */

/* Begin PBXResourcesBuildPhase section */
		22429AC72714FAEC002DA7CF /* Resources */ = {
			isa = PBXResourcesBuildPhase;
			buildActionMask = 2147483647;
			files = (
				22429AD42714FAEE002DA7CF /* Preview Assets.xcassets in Resources */,
				22429AD12714FAEE002DA7CF /* Assets.xcassets in Resources */,
			);
			runOnlyForDeploymentPostprocessing = 0;
		};
/* End PBXResourcesBuildPhase section */

/* Begin PBXSourcesBuildPhase section */
		22429AC52714FAEC002DA7CF /* Sources */ = {
			isa = PBXSourcesBuildPhase;
			buildActionMask = 2147483647;
			files = (
				225E4BE6271B3A5500BD991E /* Places.SearchQuery.swift in Sources */,
				22429AE9271507BA002DA7CF /* Staging.Account.swift in Sources */,
				22429AE12714FC65002DA7CF /* Constants.swift in Sources */,
				22429AF3271523E1002DA7CF /* HttpMethod.swift in Sources */,
				22429AF827152BFC002DA7CF /* Encodable+.swift in Sources */,
				225E4BE8271B3DEC00BD991E /* URL+QueryItem.swift in Sources */,
				22429AD92714FAEE002DA7CF /* SwiftUI_Intro.xcdatamodeld in Sources */,
				22429AF527152A3D002DA7CF /* ABodyDataProvider.swift in Sources */,
				22429AD62714FAEE002DA7CF /* Persistence.swift in Sources */,
				22429AF1271522EA002DA7CF /* HttpClient.swift in Sources */,
				225E4BE1271B36C300BD991E /* AQueryItemsProvider.swift in Sources */,
				22429ACF2714FAEC002DA7CF /* ContentView.swift in Sources */,
				22429AE52714FE05002DA7CF /* APIs.swift in Sources */,
				22429ACD2714FAEC002DA7CF /* SwiftUI_IntroApp.swift in Sources */,
				22429AE727150788002DA7CF /* URL Protocols.swift in Sources */,
			);
			runOnlyForDeploymentPostprocessing = 0;
		};
/* End PBXSourcesBuildPhase section */

/* Begin XCBuildConfiguration section */
		22429ADB2714FAEE002DA7CF /* Debug */ = {
			isa = XCBuildConfiguration;
			buildSettings = {
				ALWAYS_SEARCH_USER_PATHS = NO;
				CLANG_ANALYZER_NONNULL = YES;
				CLANG_ANALYZER_NUMBER_OBJECT_CONVERSION = YES_AGGRESSIVE;
				CLANG_CXX_LANGUAGE_STANDARD = "gnu++14";
				CLANG_CXX_LIBRARY = "libc++";
				CLANG_ENABLE_MODULES = YES;
				CLANG_ENABLE_OBJC_ARC = YES;
				CLANG_ENABLE_OBJC_WEAK = YES;
				CLANG_WARN_BLOCK_CAPTURE_AUTORELEASING = YES;
				CLANG_WARN_BOOL_CONVERSION = YES;
				CLANG_WARN_COMMA = YES;
				CLANG_WARN_CONSTANT_CONVERSION = YES;
				CLANG_WARN_DEPRECATED_OBJC_IMPLEMENTATIONS = YES;
				CLANG_WARN_DIRECT_OBJC_ISA_USAGE = YES_ERROR;
				CLANG_WARN_DOCUMENTATION_COMMENTS = YES;
				CLANG_WARN_EMPTY_BODY = YES;
				CLANG_WARN_ENUM_CONVERSION = YES;
				CLANG_WARN_INFINITE_RECURSION = YES;
				CLANG_WARN_INT_CONVERSION = YES;
				CLANG_WARN_NON_LITERAL_NULL_CONVERSION = YES;
				CLANG_WARN_OBJC_IMPLICIT_RETAIN_SELF = YES;
				CLANG_WARN_OBJC_LITERAL_CONVERSION = YES;
				CLANG_WARN_OBJC_ROOT_CLASS = YES_ERROR;
				CLANG_WARN_QUOTED_INCLUDE_IN_FRAMEWORK_HEADER = YES;
				CLANG_WARN_RANGE_LOOP_ANALYSIS = YES;
				CLANG_WARN_STRICT_PROTOTYPES = YES;
				CLANG_WARN_SUSPICIOUS_MOVE = YES;
				CLANG_WARN_UNGUARDED_AVAILABILITY = YES_AGGRESSIVE;
				CLANG_WARN_UNREACHABLE_CODE = YES;
				CLANG_WARN__DUPLICATE_METHOD_MATCH = YES;
				COPY_PHASE_STRIP = NO;
				DEBUG_INFORMATION_FORMAT = dwarf;
				ENABLE_STRICT_OBJC_MSGSEND = YES;
				ENABLE_TESTABILITY = YES;
				GCC_C_LANGUAGE_STANDARD = gnu11;
				GCC_DYNAMIC_NO_PIC = NO;
				GCC_NO_COMMON_BLOCKS = YES;
				GCC_OPTIMIZATION_LEVEL = 0;
				GCC_PREPROCESSOR_DEFINITIONS = (
					"DEBUG=1",
					"$(inherited)",
				);
				GCC_WARN_64_TO_32_BIT_CONVERSION = YES;
				GCC_WARN_ABOUT_RETURN_TYPE = YES_ERROR;
				GCC_WARN_UNDECLARED_SELECTOR = YES;
				GCC_WARN_UNINITIALIZED_AUTOS = YES_AGGRESSIVE;
				GCC_WARN_UNUSED_FUNCTION = YES;
				GCC_WARN_UNUSED_VARIABLE = YES;
				IPHONEOS_DEPLOYMENT_TARGET = 14.5;
				MTL_ENABLE_DEBUG_INFO = INCLUDE_SOURCE;
				MTL_FAST_MATH = YES;
				ONLY_ACTIVE_ARCH = YES;
				SDKROOT = iphoneos;
				SWIFT_ACTIVE_COMPILATION_CONDITIONS = DEBUG;
				SWIFT_OPTIMIZATION_LEVEL = "-Onone";
			};
			name = Debug;
		};
		22429ADC2714FAEE002DA7CF /* Release */ = {
			isa = XCBuildConfiguration;
			buildSettings = {
				ALWAYS_SEARCH_USER_PATHS = NO;
				CLANG_ANALYZER_NONNULL = YES;
				CLANG_ANALYZER_NUMBER_OBJECT_CONVERSION = YES_AGGRESSIVE;
				CLANG_CXX_LANGUAGE_STANDARD = "gnu++14";
				CLANG_CXX_LIBRARY = "libc++";
				CLANG_ENABLE_MODULES = YES;
				CLANG_ENABLE_OBJC_ARC = YES;
				CLANG_ENABLE_OBJC_WEAK = YES;
				CLANG_WARN_BLOCK_CAPTURE_AUTORELEASING = YES;
				CLANG_WARN_BOOL_CONVERSION = YES;
				CLANG_WARN_COMMA = YES;
				CLANG_WARN_CONSTANT_CONVERSION = YES;
				CLANG_WARN_DEPRECATED_OBJC_IMPLEMENTATIONS = YES;
				CLANG_WARN_DIRECT_OBJC_ISA_USAGE = YES_ERROR;
				CLANG_WARN_DOCUMENTATION_COMMENTS = YES;
				CLANG_WARN_EMPTY_BODY = YES;
				CLANG_WARN_ENUM_CONVERSION = YES;
				CLANG_WARN_INFINITE_RECURSION = YES;
				CLANG_WARN_INT_CONVERSION = YES;
				CLANG_WARN_NON_LITERAL_NULL_CONVERSION = YES;
				CLANG_WARN_OBJC_IMPLICIT_RETAIN_SELF = YES;
				CLANG_WARN_OBJC_LITERAL_CONVERSION = YES;
				CLANG_WARN_OBJC_ROOT_CLASS = YES_ERROR;
				CLANG_WARN_QUOTED_INCLUDE_IN_FRAMEWORK_HEADER = YES;
				CLANG_WARN_RANGE_LOOP_ANALYSIS = YES;
				CLANG_WARN_STRICT_PROTOTYPES = YES;
				CLANG_WARN_SUSPICIOUS_MOVE = YES;
				CLANG_WARN_UNGUARDED_AVAILABILITY = YES_AGGRESSIVE;
				CLANG_WARN_UNREACHABLE_CODE = YES;
				CLANG_WARN__DUPLICATE_METHOD_MATCH = YES;
				COPY_PHASE_STRIP = NO;
				DEBUG_INFORMATION_FORMAT = "dwarf-with-dsym";
				ENABLE_NS_ASSERTIONS = NO;
				ENABLE_STRICT_OBJC_MSGSEND = YES;
				GCC_C_LANGUAGE_STANDARD = gnu11;
				GCC_NO_COMMON_BLOCKS = YES;
				GCC_WARN_64_TO_32_BIT_CONVERSION = YES;
				GCC_WARN_ABOUT_RETURN_TYPE = YES_ERROR;
				GCC_WARN_UNDECLARED_SELECTOR = YES;
				GCC_WARN_UNINITIALIZED_AUTOS = YES_AGGRESSIVE;
				GCC_WARN_UNUSED_FUNCTION = YES;
				GCC_WARN_UNUSED_VARIABLE = YES;
				IPHONEOS_DEPLOYMENT_TARGET = 14.5;
				MTL_ENABLE_DEBUG_INFO = NO;
				MTL_FAST_MATH = YES;
				SDKROOT = iphoneos;
				SWIFT_COMPILATION_MODE = wholemodule;
				SWIFT_OPTIMIZATION_LEVEL = "-O";
				VALIDATE_PRODUCT = YES;
			};
			name = Release;
		};
		22429ADE2714FAEE002DA7CF /* Debug */ = {
			isa = XCBuildConfiguration;
			buildSettings = {
				ASSETCATALOG_COMPILER_APPICON_NAME = AppIcon;
				ASSETCATALOG_COMPILER_GLOBAL_ACCENT_COLOR_NAME = AccentColor;
				CODE_SIGN_STYLE = Automatic;
				DEVELOPMENT_ASSET_PATHS = "\"SwiftUI Intro/Preview Content\"";
				DEVELOPMENT_TEAM = 96U63CGYMR;
				ENABLE_PREVIEWS = YES;
				INFOPLIST_FILE = "SwiftUI Intro/Info.plist";
				IPHONEOS_DEPLOYMENT_TARGET = 14.0;
				LD_RUNPATH_SEARCH_PATHS = (
					"$(inherited)",
					"@executable_path/Frameworks",
				);
				PRODUCT_BUNDLE_IDENTIFIER = "LittleBitEverything.SwiftUI-Intro";
				PRODUCT_NAME = "$(TARGET_NAME)";
				SWIFT_VERSION = 5.0;
				TARGETED_DEVICE_FAMILY = "1,2";
			};
			name = Debug;
		};
		22429ADF2714FAEE002DA7CF /* Release */ = {
			isa = XCBuildConfiguration;
			buildSettings = {
				ASSETCATALOG_COMPILER_APPICON_NAME = AppIcon;
				ASSETCATALOG_COMPILER_GLOBAL_ACCENT_COLOR_NAME = AccentColor;
				CODE_SIGN_STYLE = Automatic;
				DEVELOPMENT_ASSET_PATHS = "\"SwiftUI Intro/Preview Content\"";
				DEVELOPMENT_TEAM = 96U63CGYMR;
				ENABLE_PREVIEWS = YES;
				INFOPLIST_FILE = "SwiftUI Intro/Info.plist";
				IPHONEOS_DEPLOYMENT_TARGET = 14.0;
				LD_RUNPATH_SEARCH_PATHS = (
					"$(inherited)",
					"@executable_path/Frameworks",
				);
				PRODUCT_BUNDLE_IDENTIFIER = "LittleBitEverything.SwiftUI-Intro";
				PRODUCT_NAME = "$(TARGET_NAME)";
				SWIFT_VERSION = 5.0;
				TARGETED_DEVICE_FAMILY = "1,2";
			};
			name = Release;
		};
/* End XCBuildConfiguration section */

/* Begin XCConfigurationList section */
		22429AC42714FAEC002DA7CF /* Build configuration list for PBXProject "SwiftUI Intro" */ = {
			isa = XCConfigurationList;
			buildConfigurations = (
				22429ADB2714FAEE002DA7CF /* Debug */,
				22429ADC2714FAEE002DA7CF /* Release */,
			);
			defaultConfigurationIsVisible = 0;
			defaultConfigurationName = Release;
		};
		22429ADD2714FAEE002DA7CF /* Build configuration list for PBXNativeTarget "SwiftUI Intro" */ = {
			isa = XCConfigurationList;
			buildConfigurations = (
				22429ADE2714FAEE002DA7CF /* Debug */,
				22429ADF2714FAEE002DA7CF /* Release */,
			);
			defaultConfigurationIsVisible = 0;
			defaultConfigurationName = Release;
		};
/* End XCConfigurationList section */

/* Begin XCVersionGroup section */
		22429AD72714FAEE002DA7CF /* SwiftUI_Intro.xcdatamodeld */ = {
			isa = XCVersionGroup;
			children = (
				22429AD82714FAEE002DA7CF /* SwiftUI_Intro.xcdatamodel */,
			);
			currentVersion = 22429AD82714FAEE002DA7CF /* SwiftUI_Intro.xcdatamodel */;
			path = SwiftUI_Intro.xcdatamodeld;
			sourceTree = "<group>";
			versionGroupType = wrapper.xcdatamodel;
		};
/* End XCVersionGroup section */
	};
	rootObject = 22429AC12714FAEC002DA7CF /* Project object */;
}
